{
  "pins" : [
    {
      "identity" : "keychain-swift",
      "kind" : "remoteSourceControl",
      "location" : "https://github.com/evgenyneu/keychain-swift.git",
      "state" : {
        "revision" : "d108a1fa6189e661f91560548ef48651ed8d93b9",
        "version" : "20.0.0"
      }
    },
    {
      "identity" : "wrapkitnetworking",
      "kind" : "remoteSourceControl",
      "location" : "https://github.com/gitlees/WrapKitNetworking.git",
      "state" : {
        "revision" : "5991763e016196b871aa935cee0d97f887f884fa",
        "version" : "0.0.2"
      }
    }
  ],
  "version" : 2
}
